{
    "_meta": {
        "hash": {
            "sha256": "36c5214cb9c5b0b6dbc5dff24d8faa0cd7f6bba718a06d71ee7066c4d946cdae"
        },
        "pipfile-spec": 6,
        "requires": {
            "python_version": "3.7"
        },
        "sources": [
            {
                "name": "pypi",
                "url": "https://pypi.org/simple",
                "verify_ssl": true
            }
        ]
    },
    "default": {
        "catacomb-ai": {
            "hashes": [
                "sha256:5e58d3b9b467d2547d1290ead03de68534937877c07c318f674ee9ae0b1a2c13",
                "sha256:7183545514976fb62757ecf5350e1b0348a18d6186acc0a2a9f7cbfa2982f76b"
            ],
            "index": "pypi",
            "version": "==0.1.14"
        },
        "certifi": {
            "hashes": [
                "sha256:0d9c601124e5a6ba9712dbc60d9c53c21e34f5f641fe83002317394311bdce14",
                "sha256:90c1a32f1d68f940488354e36370f6cca89f0f106db09518524c88d6ed83f382"
            ],
            "markers": "python_full_version >= '3.6.0'",
            "version": "==2022.9.24"
        },
        "charset-normalizer": {
            "hashes": [
                "sha256:5a3d016c7c547f69d6f81fb0db9449ce888b418b5b9952cc5e6e66843e9dd845",
                "sha256:83e9a75d1911279afd89352c68b45348559d1fc0506b054b346651b5e7fee29f"
            ],
            "markers": "python_full_version >= '3.6.0'",
            "version": "==2.1.1"
        },
        "click": {
            "hashes": [
                "sha256:7682dc8afb30297001674575ea00d1814d808d6a36af415a82bd481d37ba7b8e",
                "sha256:bb4d8133cb15a609f44e8213d9b391b0809795062913b383c62be0ee95b1db48"
            ],
            "markers": "python_version >= '3.7'",
            "version": "==8.1.3"
        },
        "docker": {
            "hashes": [
                "sha256:19e330470af40167d293b0352578c1fa22d74b34d3edf5d4ff90ebc203bbb2f1",
                "sha256:6e06ee8eca46cd88733df09b6b80c24a1a556bc5cb1e1ae54b2c239886d245cf"
            ],
            "markers": "python_version >= '3.7'",
            "version": "==6.0.0"
        },
        "filelock": {
            "hashes": [
                "sha256:55447caa666f2198c5b6b13a26d2084d26fa5b115c00d065664b2124680c4edc",
                "sha256:617eb4e5eedc82fc5f47b6d61e4d11cb837c56cb4544e39081099fa17ad109d4"
            ],
            "markers": "python_version >= '3.7'",
            "version": "==3.8.0"
        },
        "flask": {
            "hashes": [
                "sha256:642c450d19c4ad482f96729bd2a8f6d32554aa1e231f4f6b4e7e5264b16cca2b",
                "sha256:b9c46cc36662a7949f34b52d8ec7bb59c0d74ba08ba6cb9ce9adc1d8676d9526"
            ],
            "markers": "python_version >= '3.7'",
            "version": "==2.2.2"
        },
        "flask-cors": {
            "hashes": [
                "sha256:74efc975af1194fc7891ff5cd85b0f7478be4f7f59fe158102e91abb72bb4438",
                "sha256:b60839393f3b84a0f3746f6cdca56c1ad7426aa738b70d6c61375857823181de"
            ],
            "version": "==3.0.10"
        },
        "future": {
            "hashes": [
                "sha256:b1bead90b70cf6ec3f0710ae53a525360fa360d306a86583adc6bf83a4db537d"
            ],
            "markers": "python_version >= '2.6' and python_version not in '3.0, 3.1, 3.2, 3.3'",
            "version": "==0.18.2"
        },
        "idna": {
            "hashes": [
                "sha256:814f528e8dead7d329833b91c5faa87d60bf71824cd12a7530b5526063d02cb4",
                "sha256:90b77e79eaa3eba6de819a0c442c0b4ceefc341a7a2ab77d7562bf49f425c5c2"
            ],
            "markers": "python_version >= '3.5'",
            "version": "==3.4"
        },
        "importlib-metadata": {
            "hashes": [
                "sha256:637245b8bab2b6502fcbc752cc4b7a6f6243bb02b31c5c26156ad103d3d45670",
                "sha256:7401a975809ea1fdc658c3aa4f78cc2195a0e019c5cbc4c06122884e9ae80c23"
            ],
            "markers": "python_version < '3.8'",
            "version": "==4.12.0"
        },
        "itsdangerous": {
            "hashes": [
                "sha256:2c2349112351b88699d8d4b6b075022c0808887cb7ad10069318a8b0bc88db44",
                "sha256:5dbbc68b317e5e42f327f9021763545dc3fc3bfe22e6deb96aaf1fc38874156a"
            ],
            "markers": "python_version >= '3.7'",
            "version": "==2.1.2"
        },
        "jinja2": {
            "hashes": [
                "sha256:31351a702a408a9e7595a8fc6150fc3f43bb6bf7e319770cbc0db9df9437e852",
                "sha256:6088930bfe239f0e6710546ab9c19c9ef35e29792895fed6e6e31a023a182a61"
            ],
            "markers": "python_version >= '3.7'",
            "version": "==3.1.2"
        },
        "joblib": {
            "hashes": [
                "sha256:091138ed78f800342968c523bdde947e7a305b8594b910a0fea2ab83c3c6d385",
                "sha256:e1cee4a79e4af22881164f218d4311f60074197fb707e082e803b61f6d137018"
            ],
            "index": "pypi",
            "version": "==1.2.0"
        },
        "markupsafe": {
            "hashes": [
                "sha256:0212a68688482dc52b2d45013df70d169f542b7394fc744c02a57374a4207003",
                "sha256:089cf3dbf0cd6c100f02945abeb18484bd1ee57a079aefd52cffd17fba910b88",
                "sha256:10c1bfff05d95783da83491be968e8fe789263689c02724e0c691933c52994f5",
                "sha256:33b74d289bd2f5e527beadcaa3f401e0df0a89927c1559c8566c066fa4248ab7",
                "sha256:3799351e2336dc91ea70b034983ee71cf2f9533cdff7c14c90ea126bfd95d65a",
                "sha256:3ce11ee3f23f79dbd06fb3d63e2f6af7b12db1d46932fe7bd8afa259a5996603",
                "sha256:421be9fbf0ffe9ffd7a378aafebbf6f4602d564d34be190fc19a193232fd12b1",
                "sha256:43093fb83d8343aac0b1baa75516da6092f58f41200907ef92448ecab8825135",
                "sha256:46d00d6cfecdde84d40e572d63735ef81423ad31184100411e6e3388d405e247",
                "sha256:4a33dea2b688b3190ee12bd7cfa29d39c9ed176bda40bfa11099a3ce5d3a7ac6",
                "sha256:4b9fe39a2ccc108a4accc2676e77da025ce383c108593d65cc909add5c3bd601",
                "sha256:56442863ed2b06d19c37f94d999035e15ee982988920e12a5b4ba29b62ad1f77",
                "sha256:671cd1187ed5e62818414afe79ed29da836dde67166a9fac6d435873c44fdd02",
                "sha256:694deca8d702d5db21ec83983ce0bb4b26a578e71fbdbd4fdcd387daa90e4d5e",
                "sha256:6a074d34ee7a5ce3effbc526b7083ec9731bb3cbf921bbe1d3005d4d2bdb3a63",
                "sha256:6d0072fea50feec76a4c418096652f2c3238eaa014b2f94aeb1d56a66b41403f",
                "sha256:6fbf47b5d3728c6aea2abb0589b5d30459e369baa772e0f37a0320185e87c980",
                "sha256:7f91197cc9e48f989d12e4e6fbc46495c446636dfc81b9ccf50bb0ec74b91d4b",
                "sha256:86b1f75c4e7c2ac2ccdaec2b9022845dbb81880ca318bb7a0a01fbf7813e3812",
                "sha256:8dc1c72a69aa7e082593c4a203dcf94ddb74bb5c8a731e4e1eb68d031e8498ff",
                "sha256:8e3dcf21f367459434c18e71b2a9532d96547aef8a871872a5bd69a715c15f96",
                "sha256:8e576a51ad59e4bfaac456023a78f6b5e6e7651dcd383bcc3e18d06f9b55d6d1",
                "sha256:96e37a3dc86e80bf81758c152fe66dbf60ed5eca3d26305edf01892257049925",
                "sha256:97a68e6ada378df82bc9f16b800ab77cbf4b2fada0081794318520138c088e4a",
                "sha256:99a2a507ed3ac881b975a2976d59f38c19386d128e7a9a18b7df6fff1fd4c1d6",
                "sha256:a49907dd8420c5685cfa064a1335b6754b74541bbb3706c259c02ed65b644b3e",
                "sha256:b09bf97215625a311f669476f44b8b318b075847b49316d3e28c08e41a7a573f",
                "sha256:b7bd98b796e2b6553da7225aeb61f447f80a1ca64f41d83612e6139ca5213aa4",
                "sha256:b87db4360013327109564f0e591bd2a3b318547bcef31b468a92ee504d07ae4f",
                "sha256:bcb3ed405ed3222f9904899563d6fc492ff75cce56cba05e32eff40e6acbeaa3",
                "sha256:d4306c36ca495956b6d568d276ac11fdd9c30a36f1b6eb928070dc5360b22e1c",
                "sha256:d5ee4f386140395a2c818d149221149c54849dfcfcb9f1debfe07a8b8bd63f9a",
                "sha256:dda30ba7e87fbbb7eab1ec9f58678558fd9a6b8b853530e176eabd064da81417",
                "sha256:e04e26803c9c3851c931eac40c695602c6295b8d432cbe78609649ad9bd2da8a",
                "sha256:e1c0b87e09fa55a220f058d1d49d3fb8df88fbfab58558f1198e08c1e1de842a",
                "sha256:e72591e9ecd94d7feb70c1cbd7be7b3ebea3f548870aa91e2732960fa4d57a37",
                "sha256:e8c843bbcda3a2f1e3c2ab25913c80a3c5376cd00c6e8c4a86a89a28c8dc5452",
                "sha256:efc1913fd2ca4f334418481c7e595c00aad186563bbc1ec76067848c7ca0a933",
                "sha256:f121a1420d4e173a5d96e47e9a0c0dcff965afdf1626d28de1460815f7c4ee7a",
                "sha256:fc7b548b17d238737688817ab67deebb30e8073c95749d55538ed473130ec0c7"
            ],
            "markers": "python_version >= '3.7'",
            "version": "==2.1.1"
        },
        "numpy": {
            "hashes": [
                "sha256:1dbe1c91269f880e364526649a52eff93ac30035507ae980d2fed33aaee633ac",
                "sha256:357768c2e4451ac241465157a3e929b265dfac85d9214074985b1786244f2ef3",
                "sha256:3820724272f9913b597ccd13a467cc492a0da6b05df26ea09e78b171a0bb9da6",
                "sha256:4391bd07606be175aafd267ef9bea87cf1b8210c787666ce82073b05f202add1",
                "sha256:4aa48afdce4660b0076a00d80afa54e8a97cd49f457d68a4342d188a09451c1a",
                "sha256:58459d3bad03343ac4b1b42ed14d571b8743dc80ccbf27444f266729df1d6f5b",
                "sha256:5c3c8def4230e1b959671eb959083661b4a0d2e9af93ee339c7dada6759a9470",
                "sha256:5f30427731561ce75d7048ac254dbe47a2ba576229250fb60f0fb74db96501a1",
                "sha256:643843bcc1c50526b3a71cd2ee561cf0d8773f062c8cbaf9ffac9fdf573f83ab",
                "sha256:67c261d6c0a9981820c3a149d255a76918278a6b03b6a036800359aba1256d46",
                "sha256:67f21981ba2f9d7ba9ade60c9e8cbaa8cf8e9ae51673934480e45cf55e953673",
                "sha256:6aaf96c7f8cebc220cdfc03f1d5a31952f027dda050e5a703a0d1c396075e3e7",
                "sha256:7c4068a8c44014b2d55f3c3f574c376b2494ca9cc73d2f1bd692382b6dffe3db",
                "sha256:7c7e5fa88d9ff656e067876e4736379cc962d185d5cd808014a8a928d529ef4e",
                "sha256:7f5ae4f304257569ef3b948810816bc87c9146e8c446053539947eedeaa32786",
                "sha256:82691fda7c3f77c90e62da69ae60b5ac08e87e775b09813559f8901a88266552",
                "sha256:8737609c3bbdd48e380d463134a35ffad3b22dc56295eff6f79fd85bd0eeeb25",
                "sha256:9f411b2c3f3d76bba0865b35a425157c5dcf54937f82bbeb3d3c180789dd66a6",
                "sha256:a6be4cb0ef3b8c9250c19cc122267263093eee7edd4e3fa75395dfda8c17a8e2",
                "sha256:bcb238c9c96c00d3085b264e5c1a1207672577b93fa666c3b14a45240b14123a",
                "sha256:bf2ec4b75d0e9356edea834d1de42b31fe11f726a81dfb2c2112bc1eaa508fcf",
                "sha256:d136337ae3cc69aa5e447e78d8e1514be8c3ec9b54264e680cf0b4bd9011574f",
                "sha256:d4bf4d43077db55589ffc9009c0ba0a94fa4908b9586d6ccce2e0b164c86303c",
                "sha256:d6a96eef20f639e6a97d23e57dd0c1b1069a7b4fd7027482a4c5c451cd7732f4",
                "sha256:d9caa9d5e682102453d96a0ee10c7241b72859b01a941a397fd965f23b3e016b",
                "sha256:dd1c8f6bd65d07d3810b90d02eba7997e32abbdf1277a481d698969e921a3be0",
                "sha256:e31f0bb5928b793169b87e3d1e070f2342b22d5245c755e2b81caa29756246c3",
                "sha256:ecb55251139706669fdec2ff073c98ef8e9a84473e51e716211b41aa0f18e656",
                "sha256:ee5ec40fdd06d62fe5d4084bef4fd50fd4bb6bfd2bf519365f569dc470163ab0",
                "sha256:f17e562de9edf691a42ddb1eb4a5541c20dd3f9e65b09ded2beb0799c0cf29bb",
                "sha256:fdffbfb6832cd0b300995a2b08b8f6fa9f6e856d562800fea9182316d99c4e8e"
            ],
            "markers": "python_version < '3.11' and python_version >= '3.7'",
            "version": "==1.21.6"
        },
        "packaging": {
            "hashes": [
                "sha256:dd47c42927d89ab911e606518907cc2d3a1f38bbd026385970643f9c5b8ecfeb",
                "sha256:ef103e05f519cdc783ae24ea4e2e0f508a9c99b2d4969652eed6a2e1ea5bd522"
            ],
            "markers": "python_full_version >= '3.6.0'",
            "version": "==21.3"
        },
        "pyparsing": {
            "hashes": [
                "sha256:2b020ecf7d21b687f219b71ecad3631f644a47f01403fa1d1036b0c6416d70fb",
                "sha256:5026bae9a10eeaefb61dab2f09052b9f4307d44aee4eda64b309723d8d206bbc"
            ],
            "markers": "python_full_version >= '3.6.8'",
            "version": "==3.0.9"
        },
        "pyyaml": {
            "hashes": [
                "sha256:01b45c0191e6d66c470b6cf1b9531a771a83c1c4208272ead47a3ae4f2f603bf",
                "sha256:0283c35a6a9fbf047493e3a0ce8d79ef5030852c51e9d911a27badfde0605293",
                "sha256:055d937d65826939cb044fc8c9b08889e8c743fdc6a32b33e2390f66013e449b",
                "sha256:07751360502caac1c067a8132d150cf3d61339af5691fe9e87803040dbc5db57",
                "sha256:0b4624f379dab24d3725ffde76559cff63d9ec94e1736b556dacdfebe5ab6d4b",
                "sha256:0ce82d761c532fe4ec3f87fc45688bdd3a4c1dc5e0b4a19814b9009a29baefd4",
                "sha256:1e4747bc279b4f613a09eb64bba2ba602d8a6664c6ce6396a4d0cd413a50ce07",
                "sha256:213c60cd50106436cc818accf5baa1aba61c0189ff610f64f4a3e8c6726218ba",
                "sha256:231710d57adfd809ef5d34183b8ed1eeae3f76459c18fb4a0b373ad56bedcdd9",
                "sha256:277a0ef2981ca40581a47093e9e2d13b3f1fbbeffae064c1d21bfceba2030287",
                "sha256:2cd5df3de48857ed0544b34e2d40e9fac445930039f3cfe4bcc592a1f836d513",
                "sha256:40527857252b61eacd1d9af500c3337ba8deb8fc298940291486c465c8b46ec0",
                "sha256:432557aa2c09802be39460360ddffd48156e30721f5e8d917f01d31694216782",
                "sha256:473f9edb243cb1935ab5a084eb238d842fb8f404ed2193a915d1784b5a6b5fc0",
                "sha256:48c346915c114f5fdb3ead70312bd042a953a8ce5c7106d5bfb1a5254e47da92",
                "sha256:50602afada6d6cbfad699b0c7bb50d5ccffa7e46a3d738092afddc1f9758427f",
                "sha256:68fb519c14306fec9720a2a5b45bc9f0c8d1b9c72adf45c37baedfcd949c35a2",
                "sha256:77f396e6ef4c73fdc33a9157446466f1cff553d979bd00ecb64385760c6babdc",
                "sha256:81957921f441d50af23654aa6c5e5eaf9b06aba7f0a19c18a538dc7ef291c5a1",
                "sha256:819b3830a1543db06c4d4b865e70ded25be52a2e0631ccd2f6a47a2822f2fd7c",
                "sha256:897b80890765f037df3403d22bab41627ca8811ae55e9a722fd0392850ec4d86",
                "sha256:98c4d36e99714e55cfbaaee6dd5badbc9a1ec339ebfc3b1f52e293aee6bb71a4",
                "sha256:9df7ed3b3d2e0ecfe09e14741b857df43adb5a3ddadc919a2d94fbdf78fea53c",
                "sha256:9fa600030013c4de8165339db93d182b9431076eb98eb40ee068700c9c813e34",
                "sha256:a80a78046a72361de73f8f395f1f1e49f956c6be882eed58505a15f3e430962b",
                "sha256:afa17f5bc4d1b10afd4466fd3a44dc0e245382deca5b3c353d8b757f9e3ecb8d",
                "sha256:b3d267842bf12586ba6c734f89d1f5b871df0273157918b0ccefa29deb05c21c",
                "sha256:b5b9eccad747aabaaffbc6064800670f0c297e52c12754eb1d976c57e4f74dcb",
                "sha256:bfaef573a63ba8923503d27530362590ff4f576c626d86a9fed95822a8255fd7",
                "sha256:c5687b8d43cf58545ade1fe3e055f70eac7a5a1a0bf42824308d868289a95737",
                "sha256:cba8c411ef271aa037d7357a2bc8f9ee8b58b9965831d9e51baf703280dc73d3",
                "sha256:d15a181d1ecd0d4270dc32edb46f7cb7733c7c508857278d3d378d14d606db2d",
                "sha256:d4b0ba9512519522b118090257be113b9468d804b19d63c71dbcf4a48fa32358",
                "sha256:d4db7c7aef085872ef65a8fd7d6d09a14ae91f691dec3e87ee5ee0539d516f53",
                "sha256:d4eccecf9adf6fbcc6861a38015c2a64f38b9d94838ac1810a9023a0609e1b78",
                "sha256:d67d839ede4ed1b28a4e8909735fc992a923cdb84e618544973d7dfc71540803",
                "sha256:daf496c58a8c52083df09b80c860005194014c3698698d1a57cbcfa182142a3a",
                "sha256:dbad0e9d368bb989f4515da330b88a057617d16b6a8245084f1b05400f24609f",
                "sha256:e61ceaab6f49fb8bdfaa0f92c4b57bcfbea54c09277b1b4f7ac376bfb7a7c174",
                "sha256:f84fbc98b019fef2ee9a1cb3ce93e3187a6df0b2538a651bfb890254ba9f90b5"
            ],
            "markers": "python_full_version >= '3.6.0'",
            "version": "==6.0"
        },
        "regex": {
            "hashes": [
                "sha256:003a2e1449d425afc817b5f0b3d4c4aa9072dd5f3dfbf6c7631b8dc7b13233de",
                "sha256:0385d66e73cdd4462f3cc42c76a6576ddcc12472c30e02a2ae82061bff132c32",
                "sha256:0394265391a86e2bbaa7606e59ac71bd9f1edf8665a59e42771a9c9adbf6fd4f",
                "sha256:03ff695518482b946a6d3d4ce9cbbd99a21320e20d94913080aa3841f880abcd",
                "sha256:079c182f99c89524069b9cd96f5410d6af437e9dca576a7d59599a574972707e",
                "sha256:091efcfdd4178a7e19a23776dc2b1fafb4f57f4d94daf340f98335817056f874",
                "sha256:0b664a4d33ffc6be10996606dfc25fd3248c24cc589c0b139feb4c158053565e",
                "sha256:14216ea15efc13f28d0ef1c463d86d93ca7158a79cd4aec0f9273f6d4c6bb047",
                "sha256:14a7ab070fa3aec288076eed6ed828587b805ef83d37c9bfccc1a4a7cfbd8111",
                "sha256:14c71437ffb89479c89cc7022a5ea2075a842b728f37205e47c824cc17b30a42",
                "sha256:18e503b1e515a10282b3f14f1b3d856194ecece4250e850fad230842ed31227f",
                "sha256:19a4da6f513045f5ba00e491215bd00122e5bd131847586522463e5a6b2bd65f",
                "sha256:1a901ce5cd42658ab8f8eade51b71a6d26ad4b68c7cfc86b87efc577dfa95602",
                "sha256:26df88c9636a0c3f3bd9189dd435850a0c49d0b7d6e932500db3f99a6dd604d1",
                "sha256:2dda4b096a6f630d6531728a45bd12c67ec3badf44342046dc77d4897277d4f2",
                "sha256:322bd5572bed36a5b39952d88e072738926759422498a96df138d93384934ff8",
                "sha256:360ffbc9357794ae41336b681dff1c0463193199dfb91fcad3ec385ea4972f46",
                "sha256:37e5a26e76c46f54b3baf56a6fdd56df9db89758694516413757b7d127d4c57b",
                "sha256:3d64e1a7e6d98a4cdc8b29cb8d8ed38f73f49e55fbaa737bdb5933db99b9de22",
                "sha256:3f3b4594d564ed0b2f54463a9f328cf6a5b2a32610a90cdff778d6e3e561d08b",
                "sha256:4146cb7ae6029fc83b5c905ec6d806b7e5568dc14297c423e66b86294bad6c39",
                "sha256:4318f69b79f9f7d84a7420e97d4bfe872dc767c72f891d4fea5fa721c74685f7",
                "sha256:4cdbfa6d2befeaee0c899f19222e9b20fc5abbafe5e9c43a46ef819aeb7b75e5",
                "sha256:50e764ffbd08b06aa8c4e86b8b568b6722c75d301b33b259099f237c46b2134e",
                "sha256:518272f25da93e02af4f1e94985f5042cec21557ef3591027d0716f2adda5d0a",
                "sha256:592b9e2e1862168e71d9e612bfdc22c451261967dbd46681f14e76dfba7105fd",
                "sha256:59a786a55d00439d8fae4caaf71581f2aaef7297d04ee60345c3594efef5648a",
                "sha256:59bac44b5a07b08a261537f652c26993af9b1bbe2a29624473968dd42fc29d56",
                "sha256:5d0dd8b06896423211ce18fba0c75dacc49182a1d6514c004b535be7163dca0f",
                "sha256:67a4c625361db04ae40ef7c49d3cbe2c1f5ff10b5a4491327ab20f19f2fb5d40",
                "sha256:6adfe300848d61a470ec7547adc97b0ccf86de86a99e6830f1d8c8d19ecaf6b3",
                "sha256:6b32b45433df1fad7fed738fe15200b6516da888e0bd1fdd6aa5e50cc16b76bc",
                "sha256:6c57d50d4d5eb0c862569ca3c840eba2a73412f31d9ecc46ef0d6b2e621a592b",
                "sha256:6d43bd402b27e0e7eae85c612725ba1ce7798f20f6fab4e8bc3de4f263294f03",
                "sha256:6e521d9db006c5e4a0f8acfef738399f72b704913d4e083516774eb51645ad7c",
                "sha256:6fe1dd1021e0f8f3f454ce2811f1b0b148f2d25bb38c712fec00316551e93650",
                "sha256:73b985c9fc09a7896846e26d7b6f4d1fd5a20437055f4ef985d44729f9f928d0",
                "sha256:7681c49da1a2d4b905b4f53d86c9ba4506e79fba50c4a664d9516056e0f7dfcc",
                "sha256:77c2879d3ba51e5ca6c2b47f2dcf3d04a976a623a8fc8236010a16c9e0b0a3c7",
                "sha256:7b0c5cc3d1744a67c3b433dce91e5ef7c527d612354c1f1e8576d9e86bc5c5e2",
                "sha256:7fcf7f94ccad19186820ac67e2ec7e09e0ac2dac39689f11cf71eac580503296",
                "sha256:83cc32a1a2fa5bac00f4abc0e6ce142e3c05d3a6d57e23bd0f187c59b4e1e43b",
                "sha256:8418ee2cb857b83881b8f981e4c636bc50a0587b12d98cb9b947408a3c484fe7",
                "sha256:86df2049b18745f3cd4b0f4c4ef672bfac4b80ca488e6ecfd2bbfe68d2423a2c",
                "sha256:880dbeb6bdde7d926b4d8e41410b16ffcd4cb3b4c6d926280fea46e2615c7a01",
                "sha256:8aba0d01e3dfd335f2cb107079b07fdddb4cd7fb2d8c8a1986f9cb8ce9246c24",
                "sha256:8dcbcc9e72a791f622a32d17ff5011326a18996647509cac0609a7fc43adc229",
                "sha256:944567bb08f52268d8600ee5bdf1798b2b62ea002cc692a39cec113244cbdd0d",
                "sha256:995e70bb8c91d1b99ed2aaf8ec44863e06ad1dfbb45d7df95f76ef583ec323a9",
                "sha256:99945ddb4f379bb9831c05e9f80f02f079ba361a0fb1fba1fc3b267639b6bb2e",
                "sha256:9a165a05979e212b2c2d56a9f40b69c811c98a788964e669eb322de0a3e420b4",
                "sha256:9bc8edc5f8ef0ebb46f3fa0d02bd825bbe9cc63d59e428ffb6981ff9672f6de1",
                "sha256:a1aec4ae549fd7b3f52ceaf67e133010e2fba1538bf4d5fc5cd162a5e058d5df",
                "sha256:a1c4d17879dd4c4432c08a1ca1ab379f12ab54af569e945b6fc1c4cf6a74ca45",
                "sha256:a2b39ee3b280e15824298b97cec3f7cbbe6539d8282cc8a6047a455b9a72c598",
                "sha256:a2effeaf50a6838f3dd4d3c5d265f06eabc748f476e8441892645ae3a697e273",
                "sha256:a59d0377e58d96a6f11636e97992f5b51b7e1e89eb66332d1c01b35adbabfe8a",
                "sha256:a926339356fe29595f8e37af71db37cd87ff764e15da8ad5129bbaff35bcc5a6",
                "sha256:a9eb9558e1d0f78e07082d8a70d5c4d631c8dd75575fae92105df9e19c736730",
                "sha256:ab07934725e6f25c6f87465976cc69aef1141e86987af49d8c839c3ffd367c72",
                "sha256:ad75173349ad79f9d21e0d0896b27dcb37bfd233b09047bc0b4d226699cf5c87",
                "sha256:b7b701dbc124558fd2b1b08005eeca6c9160e209108fbcbd00091fcfac641ac7",
                "sha256:b7bee775ff05c9d519195bd9e8aaaccfe3971db60f89f89751ee0f234e8aeac5",
                "sha256:b86548b8234b2be3985dbc0b385e35f5038f0f3e6251464b827b83ebf4ed90e5",
                "sha256:b9d68eb704b24bc4d441b24e4a12653acd07d2c39940548761e0985a08bc1fff",
                "sha256:c0b7cb9598795b01f9a3dd3f770ab540889259def28a3bf9b2fa24d52edecba3",
                "sha256:cab548d6d972e1de584161487b2ac1aa82edd8430d1bde69587ba61698ad1cfb",
                "sha256:ce331b076b2b013e7d7f07157f957974ef0b0881a808e8a4a4b3b5105aee5d04",
                "sha256:cfa4c956ff0a977c4823cb3b930b0a4e82543b060733628fec7ab3eb9b1abe37",
                "sha256:d23ac6b4bf9e32fcde5fcdb2e1fd5e7370d6693fcac51ee1d340f0e886f50d1f",
                "sha256:d2885ec6eea629c648ecc9bde0837ec6b92208b7f36381689937fe5d64a517e8",
                "sha256:d2a1371dc73e921f3c2e087c05359050f3525a9a34b476ebc8130e71bec55e97",
                "sha256:d3102ab9bf16bf541ca228012d45d88d2a567c9682a805ae2c145a79d3141fdd",
                "sha256:d5b003d248e6f292475cd24b04e5f72c48412231961a675edcb653c70730e79e",
                "sha256:d5edd3eb877c9fc2e385173d4a4e1d792bf692d79e25c1ca391802d36ecfaa01",
                "sha256:d7430f041755801b712ec804aaf3b094b9b5facbaa93a6339812a8e00d7bd53a",
                "sha256:d837ccf3bd2474feabee96cd71144e991472e400ed26582edc8ca88ce259899c",
                "sha256:dab81cc4d58026861445230cfba27f9825e9223557926e7ec22156a1a140d55c",
                "sha256:db45016364eec9ddbb5af93c8740c5c92eb7f5fc8848d1ae04205a40a1a2efc6",
                "sha256:df8fe00b60e4717662c7f80c810ba66dcc77309183c76b7754c0dff6f1d42054",
                "sha256:e6e6e61e9a38b6cc60ca3e19caabc90261f070f23352e66307b3d21a24a34aaf",
                "sha256:ee7045623a5ace70f3765e452528b4c1f2ce669ed31959c63f54de64fe2f6ff7",
                "sha256:f06cc1190f3db3192ab8949e28f2c627e1809487e2cfc435b6524c1ce6a2f391",
                "sha256:f07373b6e56a6f3a0df3d75b651a278ca7bd357a796078a26a958ea1ce0588fd",
                "sha256:f6e0321921d2fdc082ef90c1fd0870f129c2e691bfdc4937dcb5cd308aba95c4",
                "sha256:f6e167d1ccd41d27b7b6655bb7a2dcb1b1eb1e0d2d662043470bd3b4315d8b2b",
                "sha256:fcbd1edff1473d90dc5cf4b52d355cf1f47b74eb7c85ba6e45f45d0116b8edbd",
                "sha256:fe428822b7a8c486bcd90b334e9ab541ce6cc0d6106993d59f201853e5e14121"
            ],
            "markers": "python_full_version >= '3.6.0'",
            "version": "==2022.9.13"
        },
        "requests": {
            "hashes": [
                "sha256:7c5599b102feddaa661c826c56ab4fee28bfd17f5abca1ebbe3e7f19d7c97983",
                "sha256:8fefa2a1a1365bf5520aac41836fbee479da67864514bdb821f31ce07ce65349"
            ],
            "markers": "python_version >= '3.7' and python_version < '4'",
            "version": "==2.28.1"
        },
        "sacremoses": {
            "hashes": [
                "sha256:43715868766c643b35de4b8046cce236bfe59a7fa88b25eaf6ddf02bacf53a7a"
            ],
            "version": "==0.0.53"
        },
        "sentencepiece": {
            "hashes": [
                "sha256:09e1bc53178de70c557a9ba4fece07364b4416ce3d36570726b3372b68aea135",
                "sha256:1706a8a8188f7b3d4b7922db9bb00c64c4e16ee68ab4caaae79f55b3e18748c7",
                "sha256:1c27400f1ac46518a01c87cb7703650e4e48728649feb115d2e3f1102a946a42",
                "sha256:205050670c53ef9015e2a98cce3934bfbcf0aafaa14caa0c618dd5667bc217ee",
                "sha256:24306fd86031c17a1a6ae92671e76a350390a3140a65620bc2843dad7db24e2a",
                "sha256:2780531985af79c6163f63d4f200fec8a28b70b6768d2c19f70d01568a4524e8",
                "sha256:28b183dadef8e8b6b4645c1c20692d7be0a13ecc3ec1a07b3885c8905516675f",
                "sha256:35c227b6d55e473033db7e0ecc51b1e99e6ed7607cc08602fb5768132543c81d",
                "sha256:4ad7262e7530c683b186672b5dd0082f82719a50a500a8cfbc4bbd7cde5bff8c",
                "sha256:5137ff0d0b1cc574751d178650ef800ff8d90bf21eb9f71e9567d4a0548940a5",
                "sha256:542f1985b1ee279a92bef7740ec0781452372028ce01e15aa88df3228b197ba3",
                "sha256:620cee35279720016735a7c7103cddbd9b84fe5e2f098bd5e673834d69fee2b8",
                "sha256:667193c57fb48b238be7e3d7636cfc8da56cb5bac5559d8f0b647334e1175be8",
                "sha256:6f249c8f1852893be86eae66b19d522c5fb30bbad4fe2d1b07f06fdc86e1907e",
                "sha256:753b8088fd685ee787d9f54c84275ab347de558c7c4ebc6accb4c35bf7776f20",
                "sha256:7d643c01d1cad13b9206a276bbe5bc1a468e3d7cf6a26bde7783f945277f859d",
                "sha256:91a19ab6f40ffbae6d6127119953d2c6a85e93d734953dbc8629fde0d21ace66",
                "sha256:923ee4af16dbae1f2ab358ed09f8a0eb89e40a8198a8b343bf54181482342721",
                "sha256:93701da21fea906dd244bf88cdbe640385a89c45d3c1812b76dbadf8782cdbcd",
                "sha256:93b921b59914c0ec6697e8c6d5e6b44d99d1298fb1a0af56980a79ade0540c19",
                "sha256:9b9a4c44a31d5f47616e9568dcf31e029b0bfa776e0a252c0b59247881598b09",
                "sha256:a51514047b964047b7fadb480d88a5e0f72c02f6ca1ba96258fbbc6e79274a94",
                "sha256:a78c03800ef9f02d320e0159f5768b15357f3e9ebea545c9c4ba7928ba8ba254",
                "sha256:ac3d90aee5581e55d029d124ac11b6ae2fbae0817863b664b2f2302e966ababb",
                "sha256:ba1b4154f9144c5a7528b00aff5cffaa1a896a1c6ca53ca78b6e74cd2dae5244",
                "sha256:bae580e4a35a9314ff49561ac7c06574fe6afc71b821ed6bb00534e571458156",
                "sha256:c6641d0b7acec61fde5881ea6ebe098c169557ac9aa3bdabdf124eab5a5592bb",
                "sha256:c6e12a166eba75994ca749aadc4a5056b91b31405f805d6de6e8914cc9741c60",
                "sha256:c901305e0a710bbcd296f66d79e96f744e6e175b29812bd5178318437d4e1f6c",
                "sha256:ce61efc1862ccb18856c4aabbd930e13d5bfbb4b09b4f111081ac53a9dc62275",
                "sha256:e3ae2e9b7a5b6f2aa64ec9240b0c185dabe597d0e787dc4344acfbaef1ffe0b2",
                "sha256:ed85dff5c0a9b3dd1a414c7e1119f2a19e863fc3f81da525bf7f885ebc883de0",
                "sha256:ee3c9dbd558d8d85bb1617087b86df6ea2b856a528669630ce6cedeb4353b823",
                "sha256:f31533cdacced56219e239d3459a003ece35116920dd64b2309d4ad047b77644",
                "sha256:f7dc55379e2f7dee86537180283db2e5f8418c6825fdd2fe436c724eb5604c05",
                "sha256:f92876271a10494671431ad955bff2d6f8ea59baaf957f5ae5946aff56dfcb90",
                "sha256:fa6f2b88850b5fae3a05053658824cf9f147c8e3c3b40eb64539a976c83d8a24"
            ],
            "version": "==0.1.97"
        },
        "six": {
            "hashes": [
                "sha256:1e61c37477a1626458e36f7b1d82aa5c9b094fa4802892072e49de9c60c4c926",
                "sha256:8abb2f1d86890a2dfb989f9a77cfcfd3e47c2a354b01111771326f8aa26e0254"
            ],
            "markers": "python_version >= '2.7' and python_version not in '3.0, 3.1, 3.2, 3.3'",
            "version": "==1.16.0"
        },
        "tokenizers": {
            "hashes": [
                "sha256:03ad125d12e69a343763dbb160f43d953513cb32c5e11674c09431133ebcfd8b",
                "sha256:17793599e4a0bb71730e366ecef47e4c0df2a79b4418d7557bf3af6cb995f8ba",
                "sha256:1b28e8ec30eea03b0d9bf7fe80c6fd240b7e5b76e7ec9542af0a48ffc1853a16",
                "sha256:2b101a752ee6147c4a5e08daa9c7d617259483fd4b0c70e7dfddfcadc8a73d2f",
                "sha256:40520c333c1d602d0f99602bfeecd8f734188fc4360268ec7eb4d8b8570c6e95",
                "sha256:695657cddabb9bb08444ba1bed822302039983c63d046e93760eb993739c3c10",
                "sha256:83da606afe2a5e7941a25490d841924750d55d7667284d2d2ded2de520181790",
                "sha256:892dac477347c65d65eef5092e9aa0c02df17f1a6d2113380277505bc6ae1db4",
                "sha256:8f4203683b66369defa6fdd91ba07828715537ff31258dab171e4029bf54f7c9",
                "sha256:a0abe20c50ca0760a895da33f1b55d452f21e55bddc418007d92d8665e86feb7",
                "sha256:a3cb9be31e3be381ab3f9e9ea7f96d4ba83588c40c44fe63b535b7341cdf74fe",
                "sha256:aa7d429b4c2978e1b2265a9fdbf27fe723f3acb9d58cebd6756ef20584d2d5e5",
                "sha256:b319d70f50c851ec4ae9a3d5c4eae1e3f74f8d720d61bc3d430915868a06a4a8",
                "sha256:c9edc043bc14462faf8b261b528661718e9c4f0b8424fb25be71cae26187432a",
                "sha256:e0faee1f08daaec0f9220967c8209b19e147e6eda55a22bea8fcc6f06aee95c7",
                "sha256:f22ea3a79daf3705d9a8446821b3e202e8cc79467df7db75875d1fbb85d7c852",
                "sha256:fe3c994d2a993d32effcaf8600bf6ac29ef7de84519669f0efadb54f94d411a3"
            ],
            "version": "==0.7.0"
        },
        "torch": {
            "hashes": [
                "sha256:3cc72d36eaeda96488e3a29373f739b887338952417b3e1620871063bf5d14d2",
                "sha256:402951484443bb49b5bc2129414ac6c644c07b8378e79922cf3645fd08cbfdc9",
                "sha256:6fcfe5deaf0788bbe8639869d3c752ff5fe1bdedce11c7ed2d44379b1fbe6d6c",
                "sha256:7f3d6af2d7e2576b9640aa684f0c18a773efffe8b37f9056272287345c1dcba5",
                "sha256:865d4bec21542647e0822e8b753e05d67eee874974a3937273f710edd99a7516",
                "sha256:931b79aed9aba50bf314214be6efaaf7972ea9539a3d63f82622bc5860a1fd81",
                "sha256:cb4412c6b00117ab5e014d07dac45b87f1e918e31fbb849e7e39f1f9140fff59",
                "sha256:dfaac4c5d27ac80705956743c34fb1ab5fb37e1646a6c8e45f05f7e739f6ea7c",
                "sha256:ecdc2ea4011e3ec04937b6b9e803ab671c3ac04e81b1df20354e01453e508b2f"
            ],
            "index": "pypi",
            "version": "==1.5.0"
        },
        "tqdm": {
            "hashes": [
                "sha256:5f4f682a004951c1b450bc753c710e9280c5746ce6ffedee253ddbcbf54cf1e4",
                "sha256:6fee160d6ffcd1b1c68c65f14c829c22832bc401726335ce92c52d395944a6a1"
            ],
            "markers": "python_version >= '2.7' and python_version not in '3.0, 3.1, 3.2, 3.3'",
            "version": "==4.64.1"
        },
        "transformers": {
            "hashes": [
                "sha256:8de20f03a94ebf16d98610a7df0acc6ba68c80bd44605cf5ad4300c642a7b57a",
                "sha256:b3e5198266f2a4b14841c70427cad46b89f473e6b0d0d3ab7461bf775f31631d"
            ],
            "index": "pypi",
            "version": "==2.11.0"
        },
        "typing-extensions": {
            "hashes": [
                "sha256:25642c956049920a5aa49edcdd6ab1e06d7e5d467fc00e0506c44ac86fbfca02",
                "sha256:e6d2677a32f47fc7eb2795db1dd15c1f34eff616bcaf2cfb5e997f854fa1c4a6"
            ],
            "markers": "python_version < '3.8'",
            "version": "==4.3.0"
        },
        "urllib3": {
            "hashes": [
                "sha256:3fa96cf423e6987997fc326ae8df396db2a8b7c667747d47ddd8ecba91f4a74e",
                "sha256:b930dd878d5a8afb066a637fbb35144fe7901e3b209d1cd4f524bd0e9deee997"
            ],
            "markers": "python_version >= '2.7' and python_version not in '3.0, 3.1, 3.2, 3.3, 3.4, 3.5' and python_version < '4'",
            "version": "==1.26.12"
        },
        "websocket-client": {
            "hashes": [
                "sha256:398909eb7e261f44b8f4bd474785b6ec5f5b499d4953342fe9755e01ef624090",
                "sha256:f9611eb65c8241a67fb373bef040b3cf8ad377a9f6546a12b620b6511e8ea9ef"
            ],
            "markers": "python_version >= '3.7'",
            "version": "==1.4.1"
        },
        "werkzeug": {
            "hashes": [
                "sha256:7ea2d48322cc7c0f8b3a215ed73eabd7b5d75d0b50e31ab006286ccff9e00b8f",
                "sha256:f979ab81f58d7318e064e99c4506445d60135ac5cd2e177a2de0089bfd4c9bd5"
            ],
            "markers": "python_version >= '3.7'",
            "version": "==2.2.2"
        },
        "zipp": {
            "hashes": [
                "sha256:05b45f1ee8f807d0cc928485ca40a07cb491cf092ff587c0df9cb1fd154848d2",
                "sha256:47c40d7fe183a6f21403a199b3e4192cca5774656965b0a4988ad2f8feb5f009"
            ],
            "markers": "python_version >= '3.7'",
            "version": "==3.8.1"
        }
    },
    "develop": {}
}
